// !$*UTF8*$!
{
	archiveVersion = 1;
	classes = {
	};
	objectVersion = 48;
	objects = {

/* Begin PBXBuildFile section */
		1350AA9C20A171D30031A67B /* Product.swift in Sources */ = {isa = PBXBuildFile; fileRef = 1350AA9B20A171D30031A67B /* Product.swift */; };
		1350AA9F20A1A89C0031A67B /* ProductVC.swift in Sources */ = {isa = PBXBuildFile; fileRef = 1350AA9E20A1A89C0031A67B /* ProductVC.swift */; };
		13EBB63F20A05FF2004763D2 /* AppDelegate.swift in Sources */ = {isa = PBXBuildFile; fileRef = 13EBB63E20A05FF2004763D2 /* AppDelegate.swift */; };
		13EBB64120A05FF2004763D2 /* CategoryViewController.swift in Sources */ = {isa = PBXBuildFile; fileRef = 13EBB64020A05FF2004763D2 /* CategoryViewController.swift */; };
		13EBB64420A05FF2004763D2 /* Main.storyboard in Resources */ = {isa = PBXBuildFile; fileRef = 13EBB64220A05FF2004763D2 /* Main.storyboard */; };
		13EBB64620A05FF3004763D2 /* Assets.xcassets in Resources */ = {isa = PBXBuildFile; fileRef = 13EBB64520A05FF3004763D2 /* Assets.xcassets */; };
		13EBB64920A05FF3004763D2 /* LaunchScreen.storyboard in Resources */ = {isa = PBXBuildFile; fileRef = 13EBB64720A05FF3004763D2 /* LaunchScreen.storyboard */; };
		13EBB65520A06452004763D2 /* CategoriesTableViewCell.swift in Sources */ = {isa = PBXBuildFile; fileRef = 13EBB65420A06452004763D2 /* CategoriesTableViewCell.swift */; };
		13EBB65720A0871C004763D2 /* Category.swift in Sources */ = {isa = PBXBuildFile; fileRef = 13EBB65620A0871C004763D2 /* Category.swift */; };
		13EBB65A20A08829004763D2 /* DataService.swift in Sources */ = {isa = PBXBuildFile; fileRef = 13EBB65920A08829004763D2 /* DataService.swift */; };
		13EBB65C20A0A533004763D2 /* ProductCell.swift in Sources */ = {isa = PBXBuildFile; fileRef = 13EBB65B20A0A533004763D2 /* ProductCell.swift */; };
/* End PBXBuildFile section */

/* Begin PBXFileReference section */
		1350AA9B20A171D30031A67B /* Product.swift */ = {isa = PBXFileReference; lastKnownFileType = sourcecode.swift; path = Product.swift; sourceTree = "<group>"; };
		1350AA9E20A1A89C0031A67B /* ProductVC.swift */ = {isa = PBXFileReference; lastKnownFileType = sourcecode.swift; path = ProductVC.swift; sourceTree = "<group>"; };
		13EBB63B20A05FF2004763D2 /* coder-swag-learn.app */ = {isa = PBXFileReference; explicitFileType = wrapper.application; includeInIndex = 0; path = "coder-swag-learn.app"; sourceTree = BUILT_PRODUCTS_DIR; };
		13EBB63E20A05FF2004763D2 /* AppDelegate.swift */ = {isa = PBXFileReference; lastKnownFileType = sourcecode.swift; path = AppDelegate.swift; sourceTree = "<group>"; };
		13EBB64020A05FF2004763D2 /* CategoryViewController.swift */ = {isa = PBXFileReference; lastKnownFileType = sourcecode.swift; path = CategoryViewController.swift; sourceTree = "<group>"; };
		13EBB64320A05FF2004763D2 /* Base */ = {isa = PBXFileReference; lastKnownFileType = file.storyboard; name = Base; path = Base.lproj/Main.storyboard; sourceTree = "<group>"; };
		13EBB64520A05FF3004763D2 /* Assets.xcassets */ = {isa = PBXFileReference; lastKnownFileType = folder.assetcatalog; path = Assets.xcassets; sourceTree = "<group>"; };
		13EBB64820A05FF3004763D2 /* Base */ = {isa = PBXFileReference; lastKnownFileType = file.storyboard; name = Base; path = Base.lproj/LaunchScreen.storyboard; sourceTree = "<group>"; };
		13EBB64A20A05FF3004763D2 /* Info.plist */ = {isa = PBXFileReference; lastKnownFileType = text.plist.xml; path = Info.plist; sourceTree = "<group>"; };
		13EBB65420A06452004763D2 /* CategoriesTableViewCell.swift */ = {isa = PBXFileReference; lastKnownFileType = sourcecode.swift; path = CategoriesTableViewCell.swift; sourceTree = "<group>"; };
		13EBB65620A0871C004763D2 /* Category.swift */ = {isa = PBXFileReference; lastKnownFileType = sourcecode.swift; path = Category.swift; sourceTree = "<group>"; };
		13EBB65920A08829004763D2 /* DataService.swift */ = {isa = PBXFileReference; lastKnownFileType = sourcecode.swift; path = DataService.swift; sourceTree = "<group>"; };
		13EBB65B20A0A533004763D2 /* ProductCell.swift */ = {isa = PBXFileReference; lastKnownFileType = sourcecode.swift; path = ProductCell.swift; sourceTree = "<group>"; };
/* End PBXFileReference section */

/* Begin PBXFrameworksBuildPhase section */
		13EBB63820A05FF2004763D2 /* Frameworks */ = {
			isa = PBXFrameworksBuildPhase;
			buildActionMask = 2147483647;
			files = (
			);
			runOnlyForDeploymentPostprocessing = 0;
		};
/* End PBXFrameworksBuildPhase section */

/* Begin PBXGroup section */
		13EBB63220A05FF2004763D2 = {
			isa = PBXGroup;
			children = (
				13EBB63D20A05FF2004763D2 /* coder-swag-learn */,
				13EBB63C20A05FF2004763D2 /* Products */,
			);
			sourceTree = "<group>";
		};
		13EBB63C20A05FF2004763D2 /* Products */ = {
			isa = PBXGroup;
			children = (
				13EBB63B20A05FF2004763D2 /* coder-swag-learn.app */,
			);
			name = Products;
			sourceTree = "<group>";
		};
		13EBB63D20A05FF2004763D2 /* coder-swag-learn */ = {
			isa = PBXGroup;
			children = (
				13EBB65820A087F5004763D2 /* Services */,
				13EBB65320A0601E004763D2 /* Supporting Files */,
				13EBB65220A0600A004763D2 /* Model */,
				13EBB65120A06001004763D2 /* Controller */,
				13EBB65020A05FFB004763D2 /* View */,
				13EBB64A20A05FF3004763D2 /* Info.plist */,
			);
			path = "coder-swag-learn";
			sourceTree = "<group>";
		};
		13EBB65020A05FFB004763D2 /* View */ = {
			isa = PBXGroup;
			children = (
				13EBB64220A05FF2004763D2 /* Main.storyboard */,
				13EBB65420A06452004763D2 /* CategoriesTableViewCell.swift */,
				13EBB65B20A0A533004763D2 /* ProductCell.swift */,
			);
			path = View;
			sourceTree = "<group>";
		};
		13EBB65120A06001004763D2 /* Controller */ = {
			isa = PBXGroup;
			children = (
				13EBB64020A05FF2004763D2 /* CategoryViewController.swift */,
				1350AA9E20A1A89C0031A67B /* ProductVC.swift */,
			);
			path = Controller;
			sourceTree = "<group>";
		};
		13EBB65220A0600A004763D2 /* Model */ = {
			isa = PBXGroup;
			children = (
				13EBB65620A0871C004763D2 /* Category.swift */,
				1350AA9B20A171D30031A67B /* Product.swift */,
			);
			path = Model;
			sourceTree = "<group>";
		};
		13EBB65320A0601E004763D2 /* Supporting Files */ = {
			isa = PBXGroup;
			children = (
				13EBB63E20A05FF2004763D2 /* AppDelegate.swift */,
				13EBB64520A05FF3004763D2 /* Assets.xcassets */,
				13EBB64720A05FF3004763D2 /* LaunchScreen.storyboard */,
			);
			path = "Supporting Files";
			sourceTree = "<group>";
		};
		13EBB65820A087F5004763D2 /* Services */ = {
			isa = PBXGroup;
			children = (
				13EBB65920A08829004763D2 /* DataService.swift */,
			);
			path = Services;
			sourceTree = "<group>";
		};
/* End PBXGroup section */

/* Begin PBXNativeTarget section */
		13EBB63A20A05FF2004763D2 /* coder-swag-learn */ = {
			isa = PBXNativeTarget;
			buildConfigurationList = 13EBB64D20A05FF3004763D2 /* Build configuration list for PBXNativeTarget "coder-swag-learn" */;
			buildPhases = (
				13EBB63720A05FF2004763D2 /* Sources */,
				13EBB63820A05FF2004763D2 /* Frameworks */,
				13EBB63920A05FF2004763D2 /* Resources */,
			);
			buildRules = (
			);
			dependencies = (
			);
			name = "coder-swag-learn";
			productName = "coder-swag-learn";
			productReference = 13EBB63B20A05FF2004763D2 /* coder-swag-learn.app */;
			productType = "com.apple.product-type.application";
		};
/* End PBXNativeTarget section */

/* Begin PBXProject section */
		13EBB63320A05FF2004763D2 /* Project object */ = {
			isa = PBXProject;
			attributes = {
				LastSwiftUpdateCheck = 0920;
				LastUpgradeCheck = 0920;
				ORGANIZATIONNAME = Chuck;
				TargetAttributes = {
					13EBB63A20A05FF2004763D2 = {
						CreatedOnToolsVersion = 9.2;
						ProvisioningStyle = Automatic;
					};
				};
			};
			buildConfigurationList = 13EBB63620A05FF2004763D2 /* Build configuration list for PBXProject "coder-swag-learn" */;
			compatibilityVersion = "Xcode 8.0";
			developmentRegion = en;
			hasScannedForEncodings = 0;
			knownRegions = (
				en,
				Base,
			);
			mainGroup = 13EBB63220A05FF2004763D2;
			productRefGroup = 13EBB63C20A05FF2004763D2 /* Products */;
			projectDirPath = "";
			projectRoot = "";
			targets = (
				13EBB63A20A05FF2004763D2 /* coder-swag-learn */,
			);
		};
/* End PBXProject section */

/* Begin PBXResourcesBuildPhase section */
		13EBB63920A05FF2004763D2 /* Resources */ = {
			isa = PBXResourcesBuildPhase;
			buildActionMask = 2147483647;
			files = (
				13EBB64920A05FF3004763D2 /* LaunchScreen.storyboard in Resources */,
				13EBB64620A05FF3004763D2 /* Assets.xcassets in Resources */,
				13EBB64420A05FF2004763D2 /* Main.storyboard in Resources */,
			);
			runOnlyForDeploymentPostprocessing = 0;
		};
/* End PBXResourcesBuildPhase section */

/* Begin PBXSourcesBuildPhase section */
		13EBB63720A05FF2004763D2 /* Sources */ = {
			isa = PBXSourcesBuildPhase;
			buildActionMask = 2147483647;
			files = (
				13EBB64120A05FF2004763D2 /* CategoryViewController.swift in Sources */,
				13EBB63F20A05FF2004763D2 /* AppDelegate.swift in Sources */,
				13EBB65520A06452004763D2 /* CategoriesTableViewCell.swift in Sources */,
				13EBB65720A0871C004763D2 /* Category.swift in Sources */,
				1350AA9F20A1A89C0031A67B /* ProductVC.swift in Sources */,
				13EBB65A20A08829004763D2 /* DataService.swift in Sources */,
				13EBB65C20A0A533004763D2 /* ProductCell.swift in Sources */,
				1350AA9C20A171D30031A67B /* Product.swift in Sources */,
			);
			runOnlyForDeploymentPostprocessing = 0;
		};
/* End PBXSourcesBuildPhase section */

/* Begin PBXVariantGroup section */
		13EBB64220A05FF2004763D2 /* Main.storyboard */ = {
			isa = PBXVariantGroup;
			children = (
				13EBB64320A05FF2004763D2 /* Base */,
			);
			name = Main.storyboard;
			sourceTree = "<group>";
		};
		13EBB64720A05FF3004763D2 /* LaunchScreen.storyboard */ = {
			isa = PBXVariantGroup;
			children = (
				13EBB64820A05FF3004763D2 /* Base */,
			);
			name = LaunchScreen.storyboard;
			sourceTree = "<group>";
		};
/* End PBXVariantGroup section */

/* Begin XCBuildConfiguration section */
		13EBB64B20A05FF3004763D2 /* Debug */ = {
			isa = XCBuildConfiguration;
			buildSettings = {
				ALWAYS_SEARCH_USER_PATHS = NO;
				CLANG_ANALYZER_NONNULL = YES;
				CLANG_ANALYZER_NUMBER_OBJECT_CONVERSION = YES_AGGRESSIVE;
				CLANG_CXX_LANGUAGE_STANDARD = "gnu++14";
				CLANG_CXX_LIBRARY = "libc++";
				CLANG_ENABLE_MODULES = YES;
				CLANG_ENABLE_OBJC_ARC = YES;
				CLANG_WARN_BLOCK_CAPTURE_AUTORELEASING = YES;
				CLANG_WARN_BOOL_CONVERSION = YES;
				CLANG_WARN_COMMA = YES;
				CLANG_WARN_CONSTANT_CONVERSION = YES;
				CLANG_WARN_DIRECT_OBJC_ISA_USAGE = YES_ERROR;
				CLANG_WARN_DOCUMENTATION_COMMENTS = YES;
				CLANG_WARN_EMPTY_BODY = YES;
				CLANG_WARN_ENUM_CONVERSION = YES;
				CLANG_WARN_INFINITE_RECURSION = YES;
				CLANG_WARN_INT_CONVERSION = YES;
				CLANG_WARN_NON_LITERAL_NULL_CONVERSION = YES;
				CLANG_WARN_OBJC_LITERAL_CONVERSION = YES;
				CLANG_WARN_OBJC_ROOT_CLASS = YES_ERROR;
				CLANG_WARN_RANGE_LOOP_ANALYSIS = YES;
				CLANG_WARN_STRICT_PROTOTYPES = YES;
				CLANG_WARN_SUSPICIOUS_MOVE = YES;
				CLANG_WARN_UNGUARDED_AVAILABILITY = YES_AGGRESSIVE;
				CLANG_WARN_UNREACHABLE_CODE = YES;
				CLANG_WARN__DUPLICATE_METHOD_MATCH = YES;
				CODE_SIGN_IDENTITY = "iPhone Developer";
				COPY_PHASE_STRIP = NO;
				DEBUG_INFORMATION_FORMAT = dwarf;
				ENABLE_STRICT_OBJC_MSGSEND = YES;
				ENABLE_TESTABILITY = YES;
				GCC_C_LANGUAGE_STANDARD = gnu11;
				GCC_DYNAMIC_NO_PIC = NO;
				GCC_NO_COMMON_BLOCKS = YES;
				GCC_OPTIMIZATION_LEVEL = 0;
				GCC_PREPROCESSOR_DEFINITIONS = (
					"DEBUG=1",
					"$(inherited)",
				);
				GCC_WARN_64_TO_32_BIT_CONVERSION = YES;
				GCC_WARN_ABOUT_RETURN_TYPE = YES_ERROR;
				GCC_WARN_UNDECLARED_SELECTOR = YES;
				GCC_WARN_UNINITIALIZED_AUTOS = YES_AGGRESSIVE;
				GCC_WARN_UNUSED_FUNCTION = YES;
				GCC_WARN_UNUSED_VARIABLE = YES;
				IPHONEOS_DEPLOYMENT_TARGET = 11.2;
				MTL_ENABLE_DEBUG_INFO = YES;
				ONLY_ACTIVE_ARCH = YES;
				SDKROOT = iphoneos;
				SWIFT_ACTIVE_COMPILATION_CONDITIONS = DEBUG;
				SWIFT_OPTIMIZATION_LEVEL = "-Onone";
			};
			name = Debug;
		};
		13EBB64C20A05FF3004763D2 /* Release */ = {
			isa = XCBuildConfiguration;
			buildSettings = {
				ALWAYS_SEARCH_USER_PATHS = NO;
				CLANG_ANALYZER_NONNULL = YES;
				CLANG_ANALYZER_NUMBER_OBJECT_CONVERSION = YES_AGGRESSIVE;
				CLANG_CXX_LANGUAGE_STANDARD = "gnu++14";
				CLANG_CXX_LIBRARY = "libc++";
				CLANG_ENABLE_MODULES = YES;
				CLANG_ENABLE_OBJC_ARC = YES;
				CLANG_WARN_BLOCK_CAPTURE_AUTORELEASING = YES;
				CLANG_WARN_BOOL_CONVERSION = YES;
				CLANG_WARN_COMMA = YES;
				CLANG_WARN_CONSTANT_CONVERSION = YES;
				CLANG_WARN_DIRECT_OBJC_ISA_USAGE = YES_ERROR;
				CLANG_WARN_DOCUMENTATION_COMMENTS = YES;
				CLANG_WARN_EMPTY_BODY = YES;
				CLANG_WARN_ENUM_CONVERSION = YES;
				CLANG_WARN_INFINITE_RECURSION = YES;
				CLANG_WARN_INT_CONVERSION = YES;
				CLANG_WARN_NON_LITERAL_NULL_CONVERSION = YES;
				CLANG_WARN_OBJC_LITERAL_CONVERSION = YES;
				CLANG_WARN_OBJC_ROOT_CLASS = YES_ERROR;
				CLANG_WARN_RANGE_LOOP_ANALYSIS = YES;
				CLANG_WARN_STRICT_PROTOTYPES = YES;
				CLANG_WARN_SUSPICIOUS_MOVE = YES;
				CLANG_WARN_UNGUARDED_AVAILABILITY = YES_AGGRESSIVE;
				CLANG_WARN_UNREACHABLE_CODE = YES;
				CLANG_WARN__DUPLICATE_METHOD_MATCH = YES;
				CODE_SIGN_IDENTITY = "iPhone Developer";
				COPY_PHASE_STRIP = NO;
				DEBUG_INFORMATION_FORMAT = "dwarf-with-dsym";
				ENABLE_NS_ASSERTIONS = NO;
				ENABLE_STRICT_OBJC_MSGSEND = YES;
				GCC_C_LANGUAGE_STANDARD = gnu11;
				GCC_NO_COMMON_BLOCKS = YES;
				GCC_WARN_64_TO_32_BIT_CONVERSION = YES;
				GCC_WARN_ABOUT_RETURN_TYPE = YES_ERROR;
				GCC_WARN_UNDECLARED_SELECTOR = YES;
				GCC_WARN_UNINITIALIZED_AUTOS = YES_AGGRESSIVE;
				GCC_WARN_UNUSED_FUNCTION = YES;
				GCC_WARN_UNUSED_VARIABLE = YES;
				IPHONEOS_DEPLOYMENT_TARGET = 11.2;
				MTL_ENABLE_DEBUG_INFO = NO;
				SDKROOT = iphoneos;
				SWIFT_OPTIMIZATION_LEVEL = "-Owholemodule";
				VALIDATE_PRODUCT = YES;
			};
			name = Release;
		};
		13EBB64E20A05FF3004763D2 /* Debug */ = {
			isa = XCBuildConfiguration;
			buildSettings = {
				ASSETCATALOG_COMPILER_APPICON_NAME = AppIcon;
				CODE_SIGN_STYLE = Automatic;
				DEVELOPMENT_TEAM = 5BCB2G5LZ6;
				INFOPLIST_FILE = "coder-swag-learn/Info.plist";
				LD_RUNPATH_SEARCH_PATHS = "$(inherited) @executable_path/Frameworks";
				PRODUCT_BUNDLE_IDENTIFIER = "ChuckCai.coder-swag-learn";
				PRODUCT_NAME = "$(TARGET_NAME)";
				SWIFT_VERSION = 4.0;
				TARGETED_DEVICE_FAMILY = "1,2";
			};
			name = Debug;
		};
		13EBB64F20A05FF3004763D2 /* Release */ = {
			isa = XCBuildConfiguration;
			buildSettings = {
				ASSETCATALOG_COMPILER_APPICON_NAME = AppIcon;
				CODE_SIGN_STYLE = Automatic;
				DEVELOPMENT_TEAM = 5BCB2G5LZ6;
				INFOPLIST_FILE = "coder-swag-learn/Info.plist";
				LD_RUNPATH_SEARCH_PATHS = "$(inherited) @executable_path/Frameworks";
				PRODUCT_BUNDLE_IDENTIFIER = "ChuckCai.coder-swag-learn";
				PRODUCT_NAME = "$(TARGET_NAME)";
				SWIFT_VERSION = 4.0;
				TARGETED_DEVICE_FAMILY = "1,2";
			};
			name = Release;
		};
/* End XCBuildConfiguration section */

/* Begin XCConfigurationList section */
		13EBB63620A05FF2004763D2 /* Build configuration list for PBXProject "coder-swag-learn" */ = {
			isa = XCConfigurationList;
			buildConfigurations = (
				13EBB64B20A05FF3004763D2 /* Debug */,
				13EBB64C20A05FF3004763D2 /* Release */,
			);
			defaultConfigurationIsVisible = 0;
			defaultConfigurationName = Release;
		};
		13EBB64D20A05FF3004763D2 /* Build configuration list for PBXNativeTarget "coder-swag-learn" */ = {
			isa = XCConfigurationList;
			buildConfigurations = (
				13EBB64E20A05FF3004763D2 /* Debug */,
				13EBB64F20A05FF3004763D2 /* Release */,
			);
			defaultConfigurationIsVisible = 0;
			defaultConfigurationName = Release;
		};
/* End XCConfigurationList section */
	};
	rootObject = 13EBB63320A05FF2004763D2 /* Project object */;
}
